// !$*UTF8*$!
{
	archiveVersion = 1;
	classes = {
	};
	objectVersion = 77;
	objects = {

/* Begin PBXContainerItemProxy section */
		80BE6F542EBB927200DBD813 /* PBXContainerItemProxy */ = {
			isa = PBXContainerItemProxy;
			containerPortal = 80BE6F3E2EBB927100DBD813 /* Project object */;
			proxyType = 1;
			remoteGlobalIDString = 80BE6F452EBB927100DBD813;
			remoteInfo = ThemeColourDemo;
		};
		80BE6F5E2EBB927200DBD813 /* PBXContainerItemProxy */ = {
			isa = PBXContainerItemProxy;
			containerPortal = 80BE6F3E2EBB927100DBD813 /* Project object */;
			proxyType = 1;
			remoteGlobalIDString = 80BE6F452EBB927100DBD813;
			remoteInfo = ThemeColourDemo;
		};
/* End PBXContainerItemProxy section */

/* Begin PBXFileReference section */
		80BE6F462EBB927100DBD813 /* ThemeColourDemo.app */ = {isa = PBXFileReference; explicitFileType = wrapper.application; includeInIndex = 0; path = ThemeColourDemo.app; sourceTree = BUILT_PRODUCTS_DIR; };
		80BE6F532EBB927200DBD813 /* ThemeColourDemoTests.xctest */ = {isa = PBXFileReference; explicitFileType = wrapper.cfbundle; includeInIndex = 0; path = ThemeColourDemoTests.xctest; sourceTree = BUILT_PRODUCTS_DIR; };
		80BE6F5D2EBB927200DBD813 /* ThemeColourDemoUITests.xctest */ = {isa = PBXFileReference; explicitFileType = wrapper.cfbundle; includeInIndex = 0; path = ThemeColourDemoUITests.xctest; sourceTree = BUILT_PRODUCTS_DIR; };
/* End PBXFileReference section */

/* Begin PBXFileSystemSynchronizedRootGroup section */
		80BE6F482EBB927100DBD813 /* ThemeColourDemo */ = {
			isa = PBXFileSystemSynchronizedRootGroup;
			path = ThemeColourDemo;
			sourceTree = "<group>";
		};
		80BE6F562EBB927200DBD813 /* ThemeColourDemoTests */ = {
			isa = PBXFileSystemSynchronizedRootGroup;
			path = ThemeColourDemoTests;
			sourceTree = "<group>";
		};
		80BE6F602EBB927200DBD813 /* ThemeColourDemoUITests */ = {
			isa = PBXFileSystemSynchronizedRootGroup;
			path = ThemeColourDemoUITests;
			sourceTree = "<group>";
		};
/* End PBXFileSystemSynchronizedRootGroup section */

/* Begin PBXFrameworksBuildPhase section */
		80BE6F432EBB927100DBD813 /* Frameworks */ = {
			isa = PBXFrameworksBuildPhase;
			buildActionMask = 2147483647;
			files = (
			);
			runOnlyForDeploymentPostprocessing = 0;
		};
		80BE6F502EBB927200DBD813 /* Frameworks */ = {
			isa = PBXFrameworksBuildPhase;
			buildActionMask = 2147483647;
			files = (
			);
			runOnlyForDeploymentPostprocessing = 0;
		};
		80BE6F5A2EBB927200DBD813 /* Frameworks */ = {
			isa = PBXFrameworksBuildPhase;
			buildActionMask = 2147483647;
			files = (
			);
			runOnlyForDeploymentPostprocessing = 0;
		};
/* End PBXFrameworksBuildPhase section */

/* Begin PBXGroup section */
		80BE6F3D2EBB927100DBD813 = {
			isa = PBXGroup;
			children = (
				80BE6F482EBB927100DBD813 /* ThemeColourDemo */,
				80BE6F562EBB927200DBD813 /* ThemeColourDemoTests */,
				80BE6F602EBB927200DBD813 /* ThemeColourDemoUITests */,
				80BE6F472EBB927100DBD813 /* Products */,
			);
			sourceTree = "<group>";
		};
		80BE6F472EBB927100DBD813 /* Products */ = {
			isa = PBXGroup;
			children = (
				80BE6F462EBB927100DBD813 /* ThemeColourDemo.app */,
				80BE6F532EBB927200DBD813 /* ThemeColourDemoTests.xctest */,
				80BE6F5D2EBB927200DBD813 /* ThemeColourDemoUITests.xctest */,
			);
			name = Products;
			sourceTree = "<group>";
		};
/* End PBXGroup section */

/* Begin PBXNativeTarget section */
		80BE6F452EBB927100DBD813 /* ThemeColourDemo */ = {
			isa = PBXNativeTarget;
			buildConfigurationList = 80BE6F672EBB927200DBD813 /* Build configuration list for PBXNativeTarget "ThemeColourDemo" */;
			buildPhases = (
				80BE6F422EBB927100DBD813 /* Sources */,
				80BE6F432EBB927100DBD813 /* Frameworks */,
				80BE6F442EBB927100DBD813 /* Resources */,
			);
			buildRules = (
			);
			dependencies = (
			);
			fileSystemSynchronizedGroups = (
				80BE6F482EBB927100DBD813 /* ThemeColourDemo */,
			);
			name = ThemeColourDemo;
			packageProductDependencies = (
			);
			productName = ThemeColourDemo;
			productReference = 80BE6F462EBB927100DBD813 /* ThemeColourDemo.app */;
			productType = "com.apple.product-type.application";
		};
		80BE6F522EBB927200DBD813 /* ThemeColourDemoTests */ = {
			isa = PBXNativeTarget;
			buildConfigurationList = 80BE6F6A2EBB927200DBD813 /* Build configuration list for PBXNativeTarget "ThemeColourDemoTests" */;
			buildPhases = (
				80BE6F4F2EBB927200DBD813 /* Sources */,
				80BE6F502EBB927200DBD813 /* Frameworks */,
				80BE6F512EBB927200DBD813 /* Resources */,
			);
			buildRules = (
			);
			dependencies = (
				80BE6F552EBB927200DBD813 /* PBXTargetDependency */,
			);
			fileSystemSynchronizedGroups = (
				80BE6F562EBB927200DBD813 /* ThemeColourDemoTests */,
			);
			name = ThemeColourDemoTests;
			packageProductDependencies = (
			);
			productName = ThemeColourDemoTests;
			productReference = 80BE6F532EBB927200DBD813 /* ThemeColourDemoTests.xctest */;
			productType = "com.apple.product-type.bundle.unit-test";
		};
		80BE6F5C2EBB927200DBD813 /* ThemeColourDemoUITests */ = {
			isa = PBXNativeTarget;
			buildConfigurationList = 80BE6F6D2EBB927200DBD813 /* Build configuration list for PBXNativeTarget "ThemeColourDemoUITests" */;
			buildPhases = (
				80BE6F592EBB927200DBD813 /* Sources */,
				80BE6F5A2EBB927200DBD813 /* Frameworks */,
				80BE6F5B2EBB927200DBD813 /* Resources */,
			);
			buildRules = (
			);
			dependencies = (
				80BE6F5F2EBB927200DBD813 /* PBXTargetDependency */,
			);
			fileSystemSynchronizedGroups = (
				80BE6F602EBB927200DBD813 /* ThemeColourDemoUITests */,
			);
			name = ThemeColourDemoUITests;
			packageProductDependencies = (
			);
			productName = ThemeColourDemoUITests;
			productReference = 80BE6F5D2EBB927200DBD813 /* ThemeColourDemoUITests.xctest */;
			productType = "com.apple.product-type.bundle.ui-testing";
		};
/* End PBXNativeTarget section */

/* Begin PBXProject section */
		80BE6F3E2EBB927100DBD813 /* Project object */ = {
			isa = PBXProject;
			attributes = {
				BuildIndependentTargetsInParallel = 1;
				LastSwiftUpdateCheck = 1640;
				LastUpgradeCheck = 1640;
				TargetAttributes = {
					80BE6F452EBB927100DBD813 = {
						CreatedOnToolsVersion = 16.4;
					};
					80BE6F522EBB927200DBD813 = {
						CreatedOnToolsVersion = 16.4;
						TestTargetID = 80BE6F452EBB927100DBD813;
					};
					80BE6F5C2EBB927200DBD813 = {
						CreatedOnToolsVersion = 16.4;
						TestTargetID = 80BE6F452EBB927100DBD813;
					};
				};
			};
			buildConfigurationList = 80BE6F412EBB927100DBD813 /* Build configuration list for PBXProject "ThemeColourDemo" */;
			developmentRegion = en;
			hasScannedForEncodings = 0;
			knownRegions = (
				en,
				Base,
			);
			mainGroup = 80BE6F3D2EBB927100DBD813;
			minimizedProjectReferenceProxies = 1;
			preferredProjectObjectVersion = 77;
			productRefGroup = 80BE6F472EBB927100DBD813 /* Products */;
			projectDirPath = "";
			projectRoot = "";
			targets = (
				80BE6F452EBB927100DBD813 /* ThemeColourDemo */,
				80BE6F522EBB927200DBD813 /* ThemeColourDemoTests */,
				80BE6F5C2EBB927200DBD813 /* ThemeColourDemoUITests */,
			);
		};
/* End PBXProject section */

/* Begin PBXResourcesBuildPhase section */
		80BE6F442EBB927100DBD813 /* Resources */ = {
			isa = PBXResourcesBuildPhase;
			buildActionMask = 2147483647;
			files = (
			);
			runOnlyForDeploymentPostprocessing = 0;
		};
		80BE6F512EBB927200DBD813 /* Resources */ = {
			isa = PBXResourcesBuildPhase;
			buildActionMask = 2147483647;
			files = (
			);
			runOnlyForDeploymentPostprocessing = 0;
		};
		80BE6F5B2EBB927200DBD813 /* Resources */ = {
			isa = PBXResourcesBuildPhase;
			buildActionMask = 2147483647;
			files = (
			);
			runOnlyForDeploymentPostprocessing = 0;
		};
/* End PBXResourcesBuildPhase section */

/* Begin PBXSourcesBuildPhase section */
		80BE6F422EBB927100DBD813 /* Sources */ = {
			isa = PBXSourcesBuildPhase;
			buildActionMask = 2147483647;
			files = (
			);
			runOnlyForDeploymentPostprocessing = 0;
		};
		80BE6F4F2EBB927200DBD813 /* Sources */ = {
			isa = PBXSourcesBuildPhase;
			buildActionMask = 2147483647;
			files = (
			);
			runOnlyForDeploymentPostprocessing = 0;
		};
		80BE6F592EBB927200DBD813 /* Sources */ = {
			isa = PBXSourcesBuildPhase;
			buildActionMask = 2147483647;
			files = (
			);
			runOnlyForDeploymentPostprocessing = 0;
		};
/* End PBXSourcesBuildPhase section */

/* Begin PBXTargetDependency section */
		80BE6F552EBB927200DBD813 /* PBXTargetDependency */ = {
			isa = PBXTargetDependency;
			target = 80BE6F452EBB927100DBD813 /* ThemeColourDemo */;
			targetProxy = 80BE6F542EBB927200DBD813 /* PBXContainerItemProxy */;
		};
		80BE6F5F2EBB927200DBD813 /* PBXTargetDependency */ = {
			isa = PBXTargetDependency;
			target = 80BE6F452EBB927100DBD813 /* ThemeColourDemo */;
			targetProxy = 80BE6F5E2EBB927200DBD813 /* PBXContainerItemProxy */;
		};
/* End PBXTargetDependency section */

/* Begin XCBuildConfiguration section */
		80BE6F652EBB927200DBD813 /* Debug */ = {
			isa = XCBuildConfiguration;
			buildSettings = {
				ALWAYS_SEARCH_USER_PATHS = NO;
				ASSETCATALOG_COMPILER_GENERATE_SWIFT_ASSET_SYMBOL_EXTENSIONS = YES;
				CLANG_ANALYZER_NONNULL = YES;
				CLANG_ANALYZER_NUMBER_OBJECT_CONVERSION = YES_AGGRESSIVE;
				CLANG_CXX_LANGUAGE_STANDARD = "gnu++20";
				CLANG_ENABLE_MODULES = YES;
				CLANG_ENABLE_OBJC_ARC = YES;
				CLANG_ENABLE_OBJC_WEAK = YES;
				CLANG_WARN_BLOCK_CAPTURE_AUTORELEASING = YES;
				CLANG_WARN_BOOL_CONVERSION = YES;
				CLANG_WARN_COMMA = YES;
				CLANG_WARN_CONSTANT_CONVERSION = YES;
				CLANG_WARN_DEPRECATED_OBJC_IMPLEMENTATIONS = YES;
				CLANG_WARN_DIRECT_OBJC_ISA_USAGE = YES_ERROR;
				CLANG_WARN_DOCUMENTATION_COMMENTS = YES;
				CLANG_WARN_EMPTY_BODY = YES;
				CLANG_WARN_ENUM_CONVERSION = YES;
				CLANG_WARN_INFINITE_RECURSION = YES;
				CLANG_WARN_INT_CONVERSION = YES;
				CLANG_WARN_NON_LITERAL_NULL_CONVERSION = YES;
				CLANG_WARN_OBJC_IMPLICIT_RETAIN_SELF = YES;
				CLANG_WARN_OBJC_LITERAL_CONVERSION = YES;
				CLANG_WARN_OBJC_ROOT_CLASS = YES_ERROR;
				CLANG_WARN_QUOTED_INCLUDE_IN_FRAMEWORK_HEADER = YES;
				CLANG_WARN_RANGE_LOOP_ANALYSIS = YES;
				CLANG_WARN_STRICT_PROTOTYPES = YES;
				CLANG_WARN_SUSPICIOUS_MOVE = YES;
				CLANG_WARN_UNGUARDED_AVAILABILITY = YES_AGGRESSIVE;
				CLANG_WARN_UNREACHABLE_CODE = YES;
				CLANG_WARN__DUPLICATE_METHOD_MATCH = YES;
				COPY_PHASE_STRIP = NO;
				DEBUG_INFORMATION_FORMAT = dwarf;
				ENABLE_STRICT_OBJC_MSGSEND = YES;
				ENABLE_TESTABILITY = YES;
				ENABLE_USER_SCRIPT_SANDBOXING = YES;
				GCC_C_LANGUAGE_STANDARD = gnu17;
				GCC_DYNAMIC_NO_PIC = NO;
				GCC_NO_COMMON_BLOCKS = YES;
				GCC_OPTIMIZATION_LEVEL = 0;
				GCC_PREPROCESSOR_DEFINITIONS = (
					"DEBUG=1",
					"$(inherited)",
				);
				GCC_WARN_64_TO_32_BIT_CONVERSION = YES;
				GCC_WARN_ABOUT_RETURN_TYPE = YES_ERROR;
				GCC_WARN_UNDECLARED_SELECTOR = YES;
				GCC_WARN_UNINITIALIZED_AUTOS = YES_AGGRESSIVE;
				GCC_WARN_UNUSED_FUNCTION = YES;
				GCC_WARN_UNUSED_VARIABLE = YES;
				IPHONEOS_DEPLOYMENT_TARGET = 18.5;
				LOCALIZATION_PREFERS_STRING_CATALOGS = YES;
				MTL_ENABLE_DEBUG_INFO = INCLUDE_SOURCE;
				MTL_FAST_MATH = YES;
				ONLY_ACTIVE_ARCH = YES;
				SDKROOT = iphoneos;
				SWIFT_ACTIVE_COMPILATION_CONDITIONS = "DEBUG $(inherited)";
				SWIFT_OPTIMIZATION_LEVEL = "-Onone";
			};
			name = Debug;
		};
		80BE6F662EBB927200DBD813 /* Release */ = {
			isa = XCBuildConfiguration;
			buildSettings = {
				ALWAYS_SEARCH_USER_PATHS = NO;
				ASSETCATALOG_COMPILER_GENERATE_SWIFT_ASSET_SYMBOL_EXTENSIONS = YES;
				CLANG_ANALYZER_NONNULL = YES;
				CLANG_ANALYZER_NUMBER_OBJECT_CONVERSION = YES_AGGRESSIVE;
				CLANG_CXX_LANGUAGE_STANDARD = "gnu++20";
				CLANG_ENABLE_MODULES = YES;
				CLANG_ENABLE_OBJC_ARC = YES;
				CLANG_ENABLE_OBJC_WEAK = YES;
				CLANG_WARN_BLOCK_CAPTURE_AUTORELEASING = YES;
				CLANG_WARN_BOOL_CONVERSION = YES;
				CLANG_WARN_COMMA = YES;
				CLANG_WARN_CONSTANT_CONVERSION = YES;
				CLANG_WARN_DEPRECATED_OBJC_IMPLEMENTATIONS = YES;
				CLANG_WARN_DIRECT_OBJC_ISA_USAGE = YES_ERROR;
				CLANG_WARN_DOCUMENTATION_COMMENTS = YES;
				CLANG_WARN_EMPTY_BODY = YES;
				CLANG_WARN_ENUM_CONVERSION = YES;
				CLANG_WARN_INFINITE_RECURSION = YES;
				CLANG_WARN_INT_CONVERSION = YES;
				CLANG_WARN_NON_LITERAL_NULL_CONVERSION = YES;
				CLANG_WARN_OBJC_IMPLICIT_RETAIN_SELF = YES;
				CLANG_WARN_OBJC_LITERAL_CONVERSION = YES;
				CLANG_WARN_OBJC_ROOT_CLASS = YES_ERROR;
				CLANG_WARN_QUOTED_INCLUDE_IN_FRAMEWORK_HEADER = YES;
				CLANG_WARN_RANGE_LOOP_ANALYSIS = YES;
				CLANG_WARN_STRICT_PROTOTYPES = YES;
				CLANG_WARN_SUSPICIOUS_MOVE = YES;
				CLANG_WARN_UNGUARDED_AVAILABILITY = YES_AGGRESSIVE;
				CLANG_WARN_UNREACHABLE_CODE = YES;
				CLANG_WARN__DUPLICATE_METHOD_MATCH = YES;
				COPY_PHASE_STRIP = NO;
				DEBUG_INFORMATION_FORMAT = "dwarf-with-dsym";
				ENABLE_NS_ASSERTIONS = NO;
				ENABLE_STRICT_OBJC_MSGSEND = YES;
				ENABLE_USER_SCRIPT_SANDBOXING = YES;
				GCC_C_LANGUAGE_STANDARD = gnu17;
				GCC_NO_COMMON_BLOCKS = YES;
				GCC_WARN_64_TO_32_BIT_CONVERSION = YES;
				GCC_WARN_ABOUT_RETURN_TYPE = YES_ERROR;
				GCC_WARN_UNDECLARED_SELECTOR = YES;
				GCC_WARN_UNINITIALIZED_AUTOS = YES_AGGRESSIVE;
				GCC_WARN_UNUSED_FUNCTION = YES;
				GCC_WARN_UNUSED_VARIABLE = YES;
				IPHONEOS_DEPLOYMENT_TARGET = 18.5;
				LOCALIZATION_PREFERS_STRING_CATALOGS = YES;
				MTL_ENABLE_DEBUG_INFO = NO;
				MTL_FAST_MATH = YES;
				SDKROOT = iphoneos;
				SWIFT_COMPILATION_MODE = wholemodule;
				VALIDATE_PRODUCT = YES;
			};
			name = Release;
		};
		80BE6F682EBB927200DBD813 /* Debug */ = {
			isa = XCBuildConfiguration;
			buildSettings = {
				ASSETCATALOG_COMPILER_APPICON_NAME = AppIcon;
				ASSETCATALOG_COMPILER_GLOBAL_ACCENT_COLOR_NAME = AccentColor;
				CODE_SIGN_STYLE = Automatic;
				CURRENT_PROJECT_VERSION = 1;
				ENABLE_PREVIEWS = YES;
				GENERATE_INFOPLIST_FILE = YES;
				INFOPLIST_KEY_UIApplicationSceneManifest_Generation = YES;
				INFOPLIST_KEY_UIApplicationSupportsIndirectInputEvents = YES;
				INFOPLIST_KEY_UILaunchScreen_Generation = YES;
				INFOPLIST_KEY_UISupportedInterfaceOrientations_iPad = "UIInterfaceOrientationPortrait UIInterfaceOrientationPortraitUpsideDown UIInterfaceOrientationLandscapeLeft UIInterfaceOrientationLandscapeRight";
				INFOPLIST_KEY_UISupportedInterfaceOrientations_iPhone = "UIInterfaceOrientationPortrait UIInterfaceOrientationLandscapeLeft UIInterfaceOrientationLandscapeRight";
				LD_RUNPATH_SEARCH_PATHS = (
					"$(inherited)",
					"@executable_path/Frameworks",
				);
				MARKETING_VERSION = 1.0;
				PRODUCT_BUNDLE_IDENTIFIER = com.triosdj.ThemeColourDemo;
				PRODUCT_NAME = "$(TARGET_NAME)";
				SWIFT_EMIT_LOC_STRINGS = YES;
				SWIFT_VERSION = 5.0;
				TARGETED_DEVICE_FAMILY = "1,2";
			};
			name = Debug;
		};
		80BE6F692EBB927200DBD813 /* Release */ = {
			isa = XCBuildConfiguration;
			buildSettings = {
				ASSETCATALOG_COMPILER_APPICON_NAME = AppIcon;
				ASSETCATALOG_COMPILER_GLOBAL_ACCENT_COLOR_NAME = AccentColor;
				CODE_SIGN_STYLE = Automatic;
				CURRENT_PROJECT_VERSION = 1;
				ENABLE_PREVIEWS = YES;
				GENERATE_INFOPLIST_FILE = YES;
				INFOPLIST_KEY_UIApplicationSceneManifest_Generation = YES;
				INFOPLIST_KEY_UIApplicationSupportsIndirectInputEvents = YES;
				INFOPLIST_KEY_UILaunchScreen_Generation = YES;
				INFOPLIST_KEY_UISupportedInterfaceOrientations_iPad = "UIInterfaceOrientationPortrait UIInterfaceOrientationPortraitUpsideDown UIInterfaceOrientationLandscapeLeft UIInterfaceOrientationLandscapeRight";
				INFOPLIST_KEY_UISupportedInterfaceOrientations_iPhone = "UIInterfaceOrientationPortrait UIInterfaceOrientationLandscapeLeft UIInterfaceOrientationLandscapeRight";
				LD_RUNPATH_SEARCH_PATHS = (
					"$(inherited)",
					"@executable_path/Frameworks",
				);
				MARKETING_VERSION = 1.0;
				PRODUCT_BUNDLE_IDENTIFIER = com.triosdj.ThemeColourDemo;
				PRODUCT_NAME = "$(TARGET_NAME)";
				SWIFT_EMIT_LOC_STRINGS = YES;
				SWIFT_VERSION = 5.0;
				TARGETED_DEVICE_FAMILY = "1,2";
			};
			name = Release;
		};
		80BE6F6B2EBB927200DBD813 /* Debug */ = {
			isa = XCBuildConfiguration;
			buildSettings = {
				BUNDLE_LOADER = "$(TEST_HOST)";
				CODE_SIGN_STYLE = Automatic;
				CURRENT_PROJECT_VERSION = 1;
				GENERATE_INFOPLIST_FILE = YES;
				IPHONEOS_DEPLOYMENT_TARGET = 18.5;
				MARKETING_VERSION = 1.0;
				PRODUCT_BUNDLE_IDENTIFIER = com.triosdj.ThemeColourDemoTests;
				PRODUCT_NAME = "$(TARGET_NAME)";
				SWIFT_EMIT_LOC_STRINGS = NO;
				SWIFT_VERSION = 5.0;
				TARGETED_DEVICE_FAMILY = "1,2";
				TEST_HOST = "$(BUILT_PRODUCTS_DIR)/ThemeColourDemo.app/$(BUNDLE_EXECUTABLE_FOLDER_PATH)/ThemeColourDemo";
			};
			name = Debug;
		};
		80BE6F6C2EBB927200DBD813 /* Release */ = {
			isa = XCBuildConfiguration;
			buildSettings = {
				BUNDLE_LOADER = "$(TEST_HOST)";
				CODE_SIGN_STYLE = Automatic;
				CURRENT_PROJECT_VERSION = 1;
				GENERATE_INFOPLIST_FILE = YES;
				IPHONEOS_DEPLOYMENT_TARGET = 18.5;
				MARKETING_VERSION = 1.0;
				PRODUCT_BUNDLE_IDENTIFIER = com.triosdj.ThemeColourDemoTests;
				PRODUCT_NAME = "$(TARGET_NAME)";
				SWIFT_EMIT_LOC_STRINGS = NO;
				SWIFT_VERSION = 5.0;
				TARGETED_DEVICE_FAMILY = "1,2";
				TEST_HOST = "$(BUILT_PRODUCTS_DIR)/ThemeColourDemo.app/$(BUNDLE_EXECUTABLE_FOLDER_PATH)/ThemeColourDemo";
			};
			name = Release;
		};
		80BE6F6E2EBB927200DBD813 /* Debug */ = {
			isa = XCBuildConfiguration;
			buildSettings = {
				CODE_SIGN_STYLE = Automatic;
				CURRENT_PROJECT_VERSION = 1;
				GENERATE_INFOPLIST_FILE = YES;
				MARKETING_VERSION = 1.0;
				PRODUCT_BUNDLE_IDENTIFIER = com.triosdj.ThemeColourDemoUITests;
				PRODUCT_NAME = "$(TARGET_NAME)";
				SWIFT_EMIT_LOC_STRINGS = NO;
				SWIFT_VERSION = 5.0;
				TARGETED_DEVICE_FAMILY = "1,2";
				TEST_TARGET_NAME = ThemeColourDemo;
			};
			name = Debug;
		};
		80BE6F6F2EBB927200DBD813 /* Release */ = {
			isa = XCBuildConfiguration;
			buildSettings = {
				CODE_SIGN_STYLE = Automatic;
				CURRENT_PROJECT_VERSION = 1;
				GENERATE_INFOPLIST_FILE = YES;
				MARKETING_VERSION = 1.0;
				PRODUCT_BUNDLE_IDENTIFIER = com.triosdj.ThemeColourDemoUITests;
				PRODUCT_NAME = "$(TARGET_NAME)";
				SWIFT_EMIT_LOC_STRINGS = NO;
				SWIFT_VERSION = 5.0;
				TARGETED_DEVICE_FAMILY = "1,2";
				TEST_TARGET_NAME = ThemeColourDemo;
			};
			name = Release;
		};
/* End XCBuildConfiguration section */

/* Begin XCConfigurationList section */
		80BE6F412EBB927100DBD813 /* Build configuration list for PBXProject "ThemeColourDemo" */ = {
			isa = XCConfigurationList;
			buildConfigurations = (
				80BE6F652EBB927200DBD813 /* Debug */,
				80BE6F662EBB927200DBD813 /* Release */,
			);
			defaultConfigurationIsVisible = 0;
			defaultConfigurationName = Release;
		};
		80BE6F672EBB927200DBD813 /* Build configuration list for PBXNativeTarget "ThemeColourDemo" */ = {
			isa = XCConfigurationList;
			buildConfigurations = (
				80BE6F682EBB927200DBD813 /* Debug */,
				80BE6F692EBB927200DBD813 /* Release */,
			);
			defaultConfigurationIsVisible = 0;
			defaultConfigurationName = Release;
		};
		80BE6F6A2EBB927200DBD813 /* Build configuration list for PBXNativeTarget "ThemeColourDemoTests" */ = {
			isa = XCConfigurationList;
			buildConfigurations = (
				80BE6F6B2EBB927200DBD813 /* Debug */,
				80BE6F6C2EBB927200DBD813 /* Release */,
			);
			defaultConfigurationIsVisible = 0;
			defaultConfigurationName = Release;
		};
		80BE6F6D2EBB927200DBD813 /* Build configuration list for PBXNativeTarget "ThemeColourDemoUITests" */ = {
			isa = XCConfigurationList;
			buildConfigurations = (
				80BE6F6E2EBB927200DBD813 /* Debug */,
				80BE6F6F2EBB927200DBD813 /* Release */,
			);
			defaultConfigurationIsVisible = 0;
			defaultConfigurationName = Release;
		};
/* End XCConfigurationList section */
	};
	rootObject = 80BE6F3E2EBB927100DBD813 /* Project object */;
}
